
Microsoft Visual Studio Solution File, Format Version 12.00
# Visual Studio 15
VisualStudioVersion = 15.0.26124.0
MinimumVisualStudioVersion = 15.0.26124.0
Project("{FAE04EC0-301F-11D3-BF4B-00C04F79EFBC}") = "ReadersApi", "Readers.Api\ReadersApi.csproj", "{313A8FC3-8D1F-413C-8405-58BA05CCF673}"
EndProject
Project("{FAE04EC0-301F-11D3-BF4B-00C04F79EFBC}") = "Readers.Tests", "Readers.Tests\Readers.Tests.csproj", "{5E8C898B-DD4F-40C1-BE25-2732AD8ABBB1}"
EndProject
Global
	GlobalSection(SolutionConfigurationPlatforms) = preSolution
		Debug|Any CPU = Debug|Any CPU
		Debug|x64 = Debug|x64
		Debug|x86 = Debug|x86
		Release|Any CPU = Release|Any CPU
		Release|x64 = Release|x64
		Release|x86 = Release|x86
	EndGlobalSection
	GlobalSection(SolutionProperties) = preSolution
		HideSolutionNode = FALSE
	EndGlobalSection
	GlobalSection(ProjectConfigurationPlatforms) = postSolution
		{313A8FC3-8D1F-413C-8405-58BA05CCF673}.Debug|Any CPU.ActiveCfg = Debug|Any CPU
		{313A8FC3-8D1F-413C-8405-58BA05CCF673}.Debug|Any CPU.Build.0 = Debug|Any CPU
		{313A8FC3-8D1F-413C-8405-58BA05CCF673}.Debug|x64.ActiveCfg = Debug|Any CPU
		{313A8FC3-8D1F-413C-8405-58BA05CCF673}.Debug|x64.Build.0 = Debug|Any CPU
		{313A8FC3-8D1F-413C-8405-58BA05CCF673}.Debug|x86.ActiveCfg = Debug|Any CPU
		{313A8FC3-8D1F-413C-8405-58BA05CCF673}.Debug|x86.Build.0 = Debug|Any CPU
		{313A8FC3-8D1F-413C-8405-58BA05CCF673}.Release|Any CPU.ActiveCfg = Release|Any CPU
		{313A8FC3-8D1F-413C-8405-58BA05CCF673}.Release|Any CPU.Build.0 = Release|Any CPU
		{313A8FC3-8D1F-413C-8405-58BA05CCF673}.Release|x64.ActiveCfg = Release|Any CPU
		{313A8FC3-8D1F-413C-8405-58BA05CCF673}.Release|x64.Build.0 = Release|Any CPU
		{313A8FC3-8D1F-413C-8405-58BA05CCF673}.Release|x86.ActiveCfg = Release|Any CPU
		{313A8FC3-8D1F-413C-8405-58BA05CCF673}.Release|x86.Build.0 = Release|Any CPU
		{5E8C898B-DD4F-40C1-BE25-2732AD8ABBB1}.Debug|Any CPU.ActiveCfg = Debug|Any CPU
		{5E8C898B-DD4F-40C1-BE25-2732AD8ABBB1}.Debug|Any CPU.Build.0 = Debug|Any CPU
		{5E8C898B-DD4F-40C1-BE25-2732AD8ABBB1}.Debug|x64.ActiveCfg = Debug|Any CPU
		{5E8C898B-DD4F-40C1-BE25-2732AD8ABBB1}.Debug|x64.Build.0 = Debug|Any CPU
		{5E8C898B-DD4F-40C1-BE25-2732AD8ABBB1}.Debug|x86.ActiveCfg = Debug|Any CPU
		{5E8C898B-DD4F-40C1-BE25-2732AD8ABBB1}.Debug|x86.Build.0 = Debug|Any CPU
		{5E8C898B-DD4F-40C1-BE25-2732AD8ABBB1}.Release|Any CPU.ActiveCfg = Release|Any CPU
		{5E8C898B-DD4F-40C1-BE25-2732AD8ABBB1}.Release|Any CPU.Build.0 = Release|Any CPU
		{5E8C898B-DD4F-40C1-BE25-2732AD8ABBB1}.Release|x64.ActiveCfg = Release|Any CPU
		{5E8C898B-DD4F-40C1-BE25-2732AD8ABBB1}.Release|x64.Build.0 = Release|Any CPU
		{5E8C898B-DD4F-40C1-BE25-2732AD8ABBB1}.Release|x86.ActiveCfg = Release|Any CPU
		{5E8C898B-DD4F-40C1-BE25-2732AD8ABBB1}.Release|x86.Build.0 = Release|Any CPU
	EndGlobalSection
EndGlobal
